// !$*UTF8*$!
{
	archiveVersion = 1;
	classes = {
	};
	objectVersion = 56;
	objects = {

/* Begin PBXBuildFile section */
		F22F07372A655723009136EF /* LandmarksApp.swift in Sources */ = {isa = PBXBuildFile; fileRef = F22F07362A655723009136EF /* LandmarksApp.swift */; };
		F22F07392A655723009136EF /* ContentView.swift in Sources */ = {isa = PBXBuildFile; fileRef = F22F07382A655723009136EF /* ContentView.swift */; };
		F22F073B2A655725009136EF /* Assets.xcassets in Resources */ = {isa = PBXBuildFile; fileRef = F22F073A2A655725009136EF /* Assets.xcassets */; };
		F22F073E2A655725009136EF /* Preview Assets.xcassets in Resources */ = {isa = PBXBuildFile; fileRef = F22F073D2A655725009136EF /* Preview Assets.xcassets */; };
		F22F07452A656003009136EF /* CircleImage.swift in Sources */ = {isa = PBXBuildFile; fileRef = F22F07442A656003009136EF /* CircleImage.swift */; };
		F22F07472A65606A009136EF /* MapView.swift in Sources */ = {isa = PBXBuildFile; fileRef = F22F07462A65606A009136EF /* MapView.swift */; };
		F22F07492A677340009136EF /* landmarkData.json in Resources */ = {isa = PBXBuildFile; fileRef = F22F07482A677340009136EF /* landmarkData.json */; };
		F22F074B2A67780D009136EF /* Landmark.swift in Sources */ = {isa = PBXBuildFile; fileRef = F22F074A2A67780D009136EF /* Landmark.swift */; };
		F22F074D2A6779D9009136EF /* ModelData.swift in Sources */ = {isa = PBXBuildFile; fileRef = F22F074C2A6779D9009136EF /* ModelData.swift */; };
		F22F07532A677D4E009136EF /* LandmarkRow.swift in Sources */ = {isa = PBXBuildFile; fileRef = F22F07522A677D4E009136EF /* LandmarkRow.swift */; };
		F22F07552A678484009136EF /* LandmarkList.swift in Sources */ = {isa = PBXBuildFile; fileRef = F22F07542A678484009136EF /* LandmarkList.swift */; };
		F22F07572A679D94009136EF /* LandmarkDetail.swift in Sources */ = {isa = PBXBuildFile; fileRef = F22F07562A679D94009136EF /* LandmarkDetail.swift */; };
		F22F07752A6E9BA5009136EF /* FavoriteButton.swift in Sources */ = {isa = PBXBuildFile; fileRef = F22F07742A6E9BA5009136EF /* FavoriteButton.swift */; };
/* End PBXBuildFile section */

/* Begin PBXFileReference section */
		F22F07332A655723009136EF /* Landmarks.app */ = {isa = PBXFileReference; explicitFileType = wrapper.application; includeInIndex = 0; path = Landmarks.app; sourceTree = BUILT_PRODUCTS_DIR; };
		F22F07362A655723009136EF /* LandmarksApp.swift */ = {isa = PBXFileReference; lastKnownFileType = sourcecode.swift; path = LandmarksApp.swift; sourceTree = "<group>"; };
		F22F07382A655723009136EF /* ContentView.swift */ = {isa = PBXFileReference; lastKnownFileType = sourcecode.swift; path = ContentView.swift; sourceTree = "<group>"; };
		F22F073A2A655725009136EF /* Assets.xcassets */ = {isa = PBXFileReference; lastKnownFileType = folder.assetcatalog; path = Assets.xcassets; sourceTree = "<group>"; };
		F22F073D2A655725009136EF /* Preview Assets.xcassets */ = {isa = PBXFileReference; lastKnownFileType = folder.assetcatalog; path = "Preview Assets.xcassets"; sourceTree = "<group>"; };
		F22F07442A656003009136EF /* CircleImage.swift */ = {isa = PBXFileReference; lastKnownFileType = sourcecode.swift; path = CircleImage.swift; sourceTree = "<group>"; };
		F22F07462A65606A009136EF /* MapView.swift */ = {isa = PBXFileReference; lastKnownFileType = sourcecode.swift; path = MapView.swift; sourceTree = "<group>"; };
		F22F07482A677340009136EF /* landmarkData.json */ = {isa = PBXFileReference; fileEncoding = 4; lastKnownFileType = text.json; path = landmarkData.json; sourceTree = "<group>"; };
		F22F074A2A67780D009136EF /* Landmark.swift */ = {isa = PBXFileReference; lastKnownFileType = sourcecode.swift; path = Landmark.swift; sourceTree = "<group>"; };
		F22F074C2A6779D9009136EF /* ModelData.swift */ = {isa = PBXFileReference; lastKnownFileType = sourcecode.swift; path = ModelData.swift; sourceTree = "<group>"; };
		F22F07522A677D4E009136EF /* LandmarkRow.swift */ = {isa = PBXFileReference; lastKnownFileType = sourcecode.swift; path = LandmarkRow.swift; sourceTree = "<group>"; };
		F22F07542A678484009136EF /* LandmarkList.swift */ = {isa = PBXFileReference; lastKnownFileType = sourcecode.swift; path = LandmarkList.swift; sourceTree = "<group>"; };
		F22F07562A679D94009136EF /* LandmarkDetail.swift */ = {isa = PBXFileReference; lastKnownFileType = sourcecode.swift; path = LandmarkDetail.swift; sourceTree = "<group>"; };
		F22F07742A6E9BA5009136EF /* FavoriteButton.swift */ = {isa = PBXFileReference; lastKnownFileType = sourcecode.swift; path = FavoriteButton.swift; sourceTree = "<group>"; };
/* End PBXFileReference section */

/* Begin PBXFrameworksBuildPhase section */
		F22F07302A655723009136EF /* Frameworks */ = {
			isa = PBXFrameworksBuildPhase;
			buildActionMask = 2147483647;
			files = (
			);
			runOnlyForDeploymentPostprocessing = 0;
		};
/* End PBXFrameworksBuildPhase section */

/* Begin PBXGroup section */
		F22F072A2A655723009136EF = {
			isa = PBXGroup;
			children = (
				F22F07352A655723009136EF /* Landmarks */,
				F22F07342A655723009136EF /* Products */,
			);
			sourceTree = "<group>";
		};
		F22F07342A655723009136EF /* Products */ = {
			isa = PBXGroup;
			children = (
				F22F07332A655723009136EF /* Landmarks.app */,
			);
			name = Products;
			sourceTree = "<group>";
		};
		F22F07352A655723009136EF /* Landmarks */ = {
			isa = PBXGroup;
			children = (
				F22F07362A655723009136EF /* LandmarksApp.swift */,
				F22F074E2A677BE3009136EF /* Views */,
				F22F074F2A677BEE009136EF /* Model */,
				F22F07762A6E9BD4009136EF /* Helpers */,
				F22F07502A677BF7009136EF /* Resources */,
				F22F073A2A655725009136EF /* Assets.xcassets */,
				F22F073C2A655725009136EF /* Preview Content */,
			);
			path = Landmarks;
			sourceTree = "<group>";
		};
		F22F073C2A655725009136EF /* Preview Content */ = {
			isa = PBXGroup;
			children = (
				F22F073D2A655725009136EF /* Preview Assets.xcassets */,
			);
			path = "Preview Content";
			sourceTree = "<group>";
		};
		F22F074E2A677BE3009136EF /* Views */ = {
			isa = PBXGroup;
			children = (
				F22F07382A655723009136EF /* ContentView.swift */,
				F22F07522A677D4E009136EF /* LandmarkRow.swift */,
				F22F07542A678484009136EF /* LandmarkList.swift */,
				F22F07562A679D94009136EF /* LandmarkDetail.swift */,
			);
			path = Views;
			sourceTree = "<group>";
		};
		F22F074F2A677BEE009136EF /* Model */ = {
			isa = PBXGroup;
			children = (
				F22F074C2A6779D9009136EF /* ModelData.swift */,
				F22F074A2A67780D009136EF /* Landmark.swift */,
			);
			path = Model;
			sourceTree = "<group>";
		};
		F22F07502A677BF7009136EF /* Resources */ = {
			isa = PBXGroup;
			children = (
				F22F07482A677340009136EF /* landmarkData.json */,
			);
			path = Resources;
			sourceTree = "<group>";
		};
		F22F07762A6E9BD4009136EF /* Helpers */ = {
			isa = PBXGroup;
			children = (
				F22F07742A6E9BA5009136EF /* FavoriteButton.swift */,
				F22F07442A656003009136EF /* CircleImage.swift */,
				F22F07462A65606A009136EF /* MapView.swift */,
			);
			path = Helpers;
			sourceTree = "<group>";
		};
/* End PBXGroup section */

/* Begin PBXNativeTarget section */
		F22F07322A655723009136EF /* Landmarks */ = {
			isa = PBXNativeTarget;
			buildConfigurationList = F22F07412A655725009136EF /* Build configuration list for PBXNativeTarget "Landmarks" */;
			buildPhases = (
				F22F072F2A655723009136EF /* Sources */,
				F22F07302A655723009136EF /* Frameworks */,
				F22F07312A655723009136EF /* Resources */,
			);
			buildRules = (
			);
			dependencies = (
			);
			name = Landmarks;
			productName = Landmarks;
			productReference = F22F07332A655723009136EF /* Landmarks.app */;
			productType = "com.apple.product-type.application";
		};
/* End PBXNativeTarget section */

/* Begin PBXProject section */
		F22F072B2A655723009136EF /* Project object */ = {
			isa = PBXProject;
			attributes = {
				BuildIndependentTargetsInParallel = 1;
				LastSwiftUpdateCheck = 1410;
				LastUpgradeCheck = 1410;
				TargetAttributes = {
					F22F07322A655723009136EF = {
						CreatedOnToolsVersion = 14.1;
					};
				};
			};
			buildConfigurationList = F22F072E2A655723009136EF /* Build configuration list for PBXProject "Landmarks" */;
			compatibilityVersion = "Xcode 14.0";
			developmentRegion = en;
			hasScannedForEncodings = 0;
			knownRegions = (
				en,
				Base,
			);
			mainGroup = F22F072A2A655723009136EF;
			productRefGroup = F22F07342A655723009136EF /* Products */;
			projectDirPath = "";
			projectRoot = "";
			targets = (
				F22F07322A655723009136EF /* Landmarks */,
			);
		};
/* End PBXProject section */

/* Begin PBXResourcesBuildPhase section */
		F22F07312A655723009136EF /* Resources */ = {
			isa = PBXResourcesBuildPhase;
			buildActionMask = 2147483647;
			files = (
				F22F073E2A655725009136EF /* Preview Assets.xcassets in Resources */,
				F22F073B2A655725009136EF /* Assets.xcassets in Resources */,
				F22F07492A677340009136EF /* landmarkData.json in Resources */,
			);
			runOnlyForDeploymentPostprocessing = 0;
		};
/* End PBXResourcesBuildPhase section */

/* Begin PBXSourcesBuildPhase section */
		F22F072F2A655723009136EF /* Sources */ = {
			isa = PBXSourcesBuildPhase;
			buildActionMask = 2147483647;
			files = (
				F22F07392A655723009136EF /* ContentView.swift in Sources */,
				F22F07472A65606A009136EF /* MapView.swift in Sources */,
				F22F07372A655723009136EF /* LandmarksApp.swift in Sources */,
				F22F07752A6E9BA5009136EF /* FavoriteButton.swift in Sources */,
				F22F07552A678484009136EF /* LandmarkList.swift in Sources */,
				F22F07572A679D94009136EF /* LandmarkDetail.swift in Sources */,
				F22F07452A656003009136EF /* CircleImage.swift in Sources */,
				F22F074B2A67780D009136EF /* Landmark.swift in Sources */,
				F22F07532A677D4E009136EF /* LandmarkRow.swift in Sources */,
				F22F074D2A6779D9009136EF /* ModelData.swift in Sources */,
			);
			runOnlyForDeploymentPostprocessing = 0;
		};
/* End PBXSourcesBuildPhase section */

/* Begin XCBuildConfiguration section */
		F22F073F2A655725009136EF /* Debug */ = {
			isa = XCBuildConfiguration;
			buildSettings = {
				ALWAYS_SEARCH_USER_PATHS = NO;
				CLANG_ANALYZER_NONNULL = YES;
				CLANG_ANALYZER_NUMBER_OBJECT_CONVERSION = YES_AGGRESSIVE;
				CLANG_CXX_LANGUAGE_STANDARD = "gnu++20";
				CLANG_ENABLE_MODULES = YES;
				CLANG_ENABLE_OBJC_ARC = YES;
				CLANG_ENABLE_OBJC_WEAK = YES;
				CLANG_WARN_BLOCK_CAPTURE_AUTORELEASING = YES;
				CLANG_WARN_BOOL_CONVERSION = YES;
				CLANG_WARN_COMMA = YES;
				CLANG_WARN_CONSTANT_CONVERSION = YES;
				CLANG_WARN_DEPRECATED_OBJC_IMPLEMENTATIONS = YES;
				CLANG_WARN_DIRECT_OBJC_ISA_USAGE = YES_ERROR;
				CLANG_WARN_DOCUMENTATION_COMMENTS = YES;
				CLANG_WARN_EMPTY_BODY = YES;
				CLANG_WARN_ENUM_CONVERSION = YES;
				CLANG_WARN_INFINITE_RECURSION = YES;
				CLANG_WARN_INT_CONVERSION = YES;
				CLANG_WARN_NON_LITERAL_NULL_CONVERSION = YES;
				CLANG_WARN_OBJC_IMPLICIT_RETAIN_SELF = YES;
				CLANG_WARN_OBJC_LITERAL_CONVERSION = YES;
				CLANG_WARN_OBJC_ROOT_CLASS = YES_ERROR;
				CLANG_WARN_QUOTED_INCLUDE_IN_FRAMEWORK_HEADER = YES;
				CLANG_WARN_RANGE_LOOP_ANALYSIS = YES;
				CLANG_WARN_STRICT_PROTOTYPES = YES;
				CLANG_WARN_SUSPICIOUS_MOVE = YES;
				CLANG_WARN_UNGUARDED_AVAILABILITY = YES_AGGRESSIVE;
				CLANG_WARN_UNREACHABLE_CODE = YES;
				CLANG_WARN__DUPLICATE_METHOD_MATCH = YES;
				COPY_PHASE_STRIP = NO;
				DEBUG_INFORMATION_FORMAT = dwarf;
				ENABLE_STRICT_OBJC_MSGSEND = YES;
				ENABLE_TESTABILITY = YES;
				GCC_C_LANGUAGE_STANDARD = gnu11;
				GCC_DYNAMIC_NO_PIC = NO;
				GCC_NO_COMMON_BLOCKS = YES;
				GCC_OPTIMIZATION_LEVEL = 0;
				GCC_PREPROCESSOR_DEFINITIONS = (
					"DEBUG=1",
					"$(inherited)",
				);
				GCC_WARN_64_TO_32_BIT_CONVERSION = YES;
				GCC_WARN_ABOUT_RETURN_TYPE = YES_ERROR;
				GCC_WARN_UNDECLARED_SELECTOR = YES;
				GCC_WARN_UNINITIALIZED_AUTOS = YES_AGGRESSIVE;
				GCC_WARN_UNUSED_FUNCTION = YES;
				GCC_WARN_UNUSED_VARIABLE = YES;
				IPHONEOS_DEPLOYMENT_TARGET = 16.1;
				MTL_ENABLE_DEBUG_INFO = INCLUDE_SOURCE;
				MTL_FAST_MATH = YES;
				ONLY_ACTIVE_ARCH = YES;
				SDKROOT = iphoneos;
				SWIFT_ACTIVE_COMPILATION_CONDITIONS = DEBUG;
				SWIFT_OPTIMIZATION_LEVEL = "-Onone";
			};
			name = Debug;
		};
		F22F07402A655725009136EF /* Release */ = {
			isa = XCBuildConfiguration;
			buildSettings = {
				ALWAYS_SEARCH_USER_PATHS = NO;
				CLANG_ANALYZER_NONNULL = YES;
				CLANG_ANALYZER_NUMBER_OBJECT_CONVERSION = YES_AGGRESSIVE;
				CLANG_CXX_LANGUAGE_STANDARD = "gnu++20";
				CLANG_ENABLE_MODULES = YES;
				CLANG_ENABLE_OBJC_ARC = YES;
				CLANG_ENABLE_OBJC_WEAK = YES;
				CLANG_WARN_BLOCK_CAPTURE_AUTORELEASING = YES;
				CLANG_WARN_BOOL_CONVERSION = YES;
				CLANG_WARN_COMMA = YES;
				CLANG_WARN_CONSTANT_CONVERSION = YES;
				CLANG_WARN_DEPRECATED_OBJC_IMPLEMENTATIONS = YES;
				CLANG_WARN_DIRECT_OBJC_ISA_USAGE = YES_ERROR;
				CLANG_WARN_DOCUMENTATION_COMMENTS = YES;
				CLANG_WARN_EMPTY_BODY = YES;
				CLANG_WARN_ENUM_CONVERSION = YES;
				CLANG_WARN_INFINITE_RECURSION = YES;
				CLANG_WARN_INT_CONVERSION = YES;
				CLANG_WARN_NON_LITERAL_NULL_CONVERSION = YES;
				CLANG_WARN_OBJC_IMPLICIT_RETAIN_SELF = YES;
				CLANG_WARN_OBJC_LITERAL_CONVERSION = YES;
				CLANG_WARN_OBJC_ROOT_CLASS = YES_ERROR;
				CLANG_WARN_QUOTED_INCLUDE_IN_FRAMEWORK_HEADER = YES;
				CLANG_WARN_RANGE_LOOP_ANALYSIS = YES;
				CLANG_WARN_STRICT_PROTOTYPES = YES;
				CLANG_WARN_SUSPICIOUS_MOVE = YES;
				CLANG_WARN_UNGUARDED_AVAILABILITY = YES_AGGRESSIVE;
				CLANG_WARN_UNREACHABLE_CODE = YES;
				CLANG_WARN__DUPLICATE_METHOD_MATCH = YES;
				COPY_PHASE_STRIP = NO;
				DEBUG_INFORMATION_FORMAT = "dwarf-with-dsym";
				ENABLE_NS_ASSERTIONS = NO;
				ENABLE_STRICT_OBJC_MSGSEND = YES;
				GCC_C_LANGUAGE_STANDARD = gnu11;
				GCC_NO_COMMON_BLOCKS = YES;
				GCC_WARN_64_TO_32_BIT_CONVERSION = YES;
				GCC_WARN_ABOUT_RETURN_TYPE = YES_ERROR;
				GCC_WARN_UNDECLARED_SELECTOR = YES;
				GCC_WARN_UNINITIALIZED_AUTOS = YES_AGGRESSIVE;
				GCC_WARN_UNUSED_FUNCTION = YES;
				GCC_WARN_UNUSED_VARIABLE = YES;
				IPHONEOS_DEPLOYMENT_TARGET = 16.1;
				MTL_ENABLE_DEBUG_INFO = NO;
				MTL_FAST_MATH = YES;
				SDKROOT = iphoneos;
				SWIFT_COMPILATION_MODE = wholemodule;
				SWIFT_OPTIMIZATION_LEVEL = "-O";
				VALIDATE_PRODUCT = YES;
			};
			name = Release;
		};
		F22F07422A655725009136EF /* Debug */ = {
			isa = XCBuildConfiguration;
			buildSettings = {
				ASSETCATALOG_COMPILER_APPICON_NAME = AppIcon;
				ASSETCATALOG_COMPILER_GLOBAL_ACCENT_COLOR_NAME = AccentColor;
				CODE_SIGN_STYLE = Automatic;
				CURRENT_PROJECT_VERSION = 1;
				DEVELOPMENT_ASSET_PATHS = "\"Landmarks/Preview Content\"";
				DEVELOPMENT_TEAM = T3MRA53A8Y;
				ENABLE_PREVIEWS = YES;
				GENERATE_INFOPLIST_FILE = YES;
				INFOPLIST_KEY_UIApplicationSceneManifest_Generation = YES;
				INFOPLIST_KEY_UIApplicationSupportsIndirectInputEvents = YES;
				INFOPLIST_KEY_UILaunchScreen_Generation = YES;
				INFOPLIST_KEY_UISupportedInterfaceOrientations_iPad = "UIInterfaceOrientationPortrait UIInterfaceOrientationPortraitUpsideDown UIInterfaceOrientationLandscapeLeft UIInterfaceOrientationLandscapeRight";
				INFOPLIST_KEY_UISupportedInterfaceOrientations_iPhone = "UIInterfaceOrientationPortrait UIInterfaceOrientationLandscapeLeft UIInterfaceOrientationLandscapeRight";
				LD_RUNPATH_SEARCH_PATHS = (
					"$(inherited)",
					"@executable_path/Frameworks",
				);
				MARKETING_VERSION = 1.0;
				PRODUCT_BUNDLE_IDENTIFIER = undefined.Landmarks;
				PRODUCT_NAME = "$(TARGET_NAME)";
				SWIFT_EMIT_LOC_STRINGS = YES;
				SWIFT_VERSION = 5.0;
				TARGETED_DEVICE_FAMILY = "1,2";
			};
			name = Debug;
		};
		F22F07432A655725009136EF /* Release */ = {
			isa = XCBuildConfiguration;
			buildSettings = {
				ASSETCATALOG_COMPILER_APPICON_NAME = AppIcon;
				ASSETCATALOG_COMPILER_GLOBAL_ACCENT_COLOR_NAME = AccentColor;
				CODE_SIGN_STYLE = Automatic;
				CURRENT_PROJECT_VERSION = 1;
				DEVELOPMENT_ASSET_PATHS = "\"Landmarks/Preview Content\"";
				DEVELOPMENT_TEAM = T3MRA53A8Y;
				ENABLE_PREVIEWS = YES;
				GENERATE_INFOPLIST_FILE = YES;
				INFOPLIST_KEY_UIApplicationSceneManifest_Generation = YES;
				INFOPLIST_KEY_UIApplicationSupportsIndirectInputEvents = YES;
				INFOPLIST_KEY_UILaunchScreen_Generation = YES;
				INFOPLIST_KEY_UISupportedInterfaceOrientations_iPad = "UIInterfaceOrientationPortrait UIInterfaceOrientationPortraitUpsideDown UIInterfaceOrientationLandscapeLeft UIInterfaceOrientationLandscapeRight";
				INFOPLIST_KEY_UISupportedInterfaceOrientations_iPhone = "UIInterfaceOrientationPortrait UIInterfaceOrientationLandscapeLeft UIInterfaceOrientationLandscapeRight";
				LD_RUNPATH_SEARCH_PATHS = (
					"$(inherited)",
					"@executable_path/Frameworks",
				);
				MARKETING_VERSION = 1.0;
				PRODUCT_BUNDLE_IDENTIFIER = undefined.Landmarks;
				PRODUCT_NAME = "$(TARGET_NAME)";
				SWIFT_EMIT_LOC_STRINGS = YES;
				SWIFT_VERSION = 5.0;
				TARGETED_DEVICE_FAMILY = "1,2";
			};
			name = Release;
		};
/* End XCBuildConfiguration section */

/* Begin XCConfigurationList section */
		F22F072E2A655723009136EF /* Build configuration list for PBXProject "Landmarks" */ = {
			isa = XCConfigurationList;
			buildConfigurations = (
				F22F073F2A655725009136EF /* Debug */,
				F22F07402A655725009136EF /* Release */,
			);
			defaultConfigurationIsVisible = 0;
			defaultConfigurationName = Release;
		};
		F22F07412A655725009136EF /* Build configuration list for PBXNativeTarget "Landmarks" */ = {
			isa = XCConfigurationList;
			buildConfigurations = (
				F22F07422A655725009136EF /* Debug */,
				F22F07432A655725009136EF /* Release */,
			);
			defaultConfigurationIsVisible = 0;
			defaultConfigurationName = Release;
		};
/* End XCConfigurationList section */
	};
	rootObject = F22F072B2A655723009136EF /* Project object */;
}
